
Microsoft Visual Studio Solution File, Format Version 12.00
# Visual Studio Version 17
VisualStudioVersion = 17.7.34024.191
MinimumVisualStudioVersion = 10.0.40219.1
Project("{FAE04EC0-301F-11D3-BF4B-00C04F79EFBC}") = "Music Library Frontend", "Music Library Frontend.csproj", "{A185CF4B-0BD1-4580-8C45-3B390E5AB872}"
EndProject
Global
	GlobalSection(SolutionConfigurationPlatforms) = preSolution
		Debug|Any CPU = Debug|Any CPU
		Release|Any CPU = Release|Any CPU
	EndGlobalSection
	GlobalSection(ProjectConfigurationPlatforms) = postSolution
		{A185CF4B-0BD1-4580-8C45-3B390E5AB872}.Debug|Any CPU.ActiveCfg = Debug|Any CPU
		{A185CF4B-0BD1-4580-8C45-3B390E5AB872}.Debug|Any CPU.Build.0 = Debug|Any CPU
		{A185CF4B-0BD1-4580-8C45-3B390E5AB872}.Release|Any CPU.ActiveCfg = Release|Any CPU
		{A185CF4B-0BD1-4580-8C45-3B390E5AB872}.Release|Any CPU.Build.0 = Release|Any CPU
	EndGlobalSection
	GlobalSection(SolutionProperties) = preSolution
		HideSolutionNode = FALSE
	EndGlobalSection
	GlobalSection(ExtensibilityGlobals) = postSolution
		SolutionGuid = {159CB486-2C37-4935-9D75-3A78F70EE862}
	EndGlobalSection
EndGlobal
